// !$*UTF8*$!
{
	archiveVersion = 1;
	classes = {
	};
	objectVersion = 52;
	objects = {

/* Begin PBXBuildFile section */
		39198492253799B100C95C09 /* NumberFormatter.swift in Sources */ = {isa = PBXBuildFile; fileRef = 39198491253799B100C95C09 /* NumberFormatter.swift */; };
		3919849F25379C9A00C95C09 /* Publisher.swift in Sources */ = {isa = PBXBuildFile; fileRef = 3919849E25379C9A00C95C09 /* Publisher.swift */; };
		394786F52539046E0002669B /* TradernetClient in Frameworks */ = {isa = PBXBuildFile; productRef = 394786F42539046E0002669B /* TradernetClient */; };
		3947870D253905220002669B /* StockQuotesLibrary in Resources */ = {isa = PBXBuildFile; fileRef = 3947870C253905220002669B /* StockQuotesLibrary */; };
		399E5CEB2538A5A000BDA354 /* Optional.swift in Sources */ = {isa = PBXBuildFile; fileRef = 399E5CEA2538A5A000BDA354 /* Optional.swift */; };
		399E5CFB2538CEDF00BDA354 /* StockQuoteRowView+LastPrice.swift in Sources */ = {isa = PBXBuildFile; fileRef = 399E5CFA2538CEDF00BDA354 /* StockQuoteRowView+LastPrice.swift */; };
		399E5CFF2538CF3800BDA354 /* StockQuoteRowView+LastBidChange.swift in Sources */ = {isa = PBXBuildFile; fileRef = 399E5CFE2538CF3800BDA354 /* StockQuoteRowView+LastBidChange.swift */; };
		399E5D022538CFC400BDA354 /* StockQuoteRowView+YesterdayCloseChange.swift in Sources */ = {isa = PBXBuildFile; fileRef = 399E5D012538CFC400BDA354 /* StockQuoteRowView+YesterdayCloseChange.swift */; };
		399E5D1B2538EF9C00BDA354 /* StockQuoteRowView.swift in Sources */ = {isa = PBXBuildFile; fileRef = 399E5D1A2538EF9C00BDA354 /* StockQuoteRowView.swift */; };
		39D9033C2537827000AB54FB /* Assets.xcassets in Resources */ = {isa = PBXBuildFile; fileRef = 39D9033B2537827000AB54FB /* Assets.xcassets */; };
		39D9033F2537827000AB54FB /* Preview Assets.xcassets in Resources */ = {isa = PBXBuildFile; fileRef = 39D9033E2537827000AB54FB /* Preview Assets.xcassets */; };
		39D90358253782B200AB54FB /* StockQuotesApp.swift in Sources */ = {isa = PBXBuildFile; fileRef = 39D9034D253782B200AB54FB /* StockQuotesApp.swift */; };
		39D90359253782B200AB54FB /* StockQuote.swift in Sources */ = {isa = PBXBuildFile; fileRef = 39D9034F253782B200AB54FB /* StockQuote.swift */; };
		39D9035A253782B200AB54FB /* Providers.swift in Sources */ = {isa = PBXBuildFile; fileRef = 39D90350253782B200AB54FB /* Providers.swift */; };
		39D9035B253782B200AB54FB /* StockQuoteListView.swift in Sources */ = {isa = PBXBuildFile; fileRef = 39D90352253782B200AB54FB /* StockQuoteListView.swift */; };
		39D9035F253782B200AB54FB /* MultiProvider.swift in Sources */ = {isa = PBXBuildFile; fileRef = 39D90357253782B200AB54FB /* MultiProvider.swift */; };
/* End PBXBuildFile section */

/* Begin PBXCopyFilesBuildPhase section */
		39D90372253782CB00AB54FB /* Embed Frameworks */ = {
			isa = PBXCopyFilesBuildPhase;
			buildActionMask = 2147483647;
			dstPath = "";
			dstSubfolderSpec = 10;
			files = (
			);
			name = "Embed Frameworks";
			runOnlyForDeploymentPostprocessing = 0;
		};
/* End PBXCopyFilesBuildPhase section */

/* Begin PBXFileReference section */
		39198491253799B100C95C09 /* NumberFormatter.swift */ = {isa = PBXFileReference; lastKnownFileType = sourcecode.swift; path = NumberFormatter.swift; sourceTree = "<group>"; };
		3919849E25379C9A00C95C09 /* Publisher.swift */ = {isa = PBXFileReference; lastKnownFileType = sourcecode.swift; path = Publisher.swift; sourceTree = "<group>"; };
		3947870C253905220002669B /* StockQuotesLibrary */ = {isa = PBXFileReference; lastKnownFileType = folder; path = StockQuotesLibrary; sourceTree = "<group>"; };
		399E5CEA2538A5A000BDA354 /* Optional.swift */ = {isa = PBXFileReference; lastKnownFileType = sourcecode.swift; path = Optional.swift; sourceTree = "<group>"; };
		399E5CFA2538CEDF00BDA354 /* StockQuoteRowView+LastPrice.swift */ = {isa = PBXFileReference; lastKnownFileType = sourcecode.swift; path = "StockQuoteRowView+LastPrice.swift"; sourceTree = "<group>"; };
		399E5CFE2538CF3800BDA354 /* StockQuoteRowView+LastBidChange.swift */ = {isa = PBXFileReference; lastKnownFileType = sourcecode.swift; path = "StockQuoteRowView+LastBidChange.swift"; sourceTree = "<group>"; };
		399E5D012538CFC400BDA354 /* StockQuoteRowView+YesterdayCloseChange.swift */ = {isa = PBXFileReference; lastKnownFileType = sourcecode.swift; path = "StockQuoteRowView+YesterdayCloseChange.swift"; sourceTree = "<group>"; };
		399E5D1A2538EF9C00BDA354 /* StockQuoteRowView.swift */ = {isa = PBXFileReference; fileEncoding = 4; lastKnownFileType = sourcecode.swift; path = StockQuoteRowView.swift; sourceTree = "<group>"; };
		39D903342537827000AB54FB /* StockQuotes.app */ = {isa = PBXFileReference; explicitFileType = wrapper.application; includeInIndex = 0; path = StockQuotes.app; sourceTree = BUILT_PRODUCTS_DIR; };
		39D9033B2537827000AB54FB /* Assets.xcassets */ = {isa = PBXFileReference; lastKnownFileType = folder.assetcatalog; path = Assets.xcassets; sourceTree = "<group>"; };
		39D9033E2537827000AB54FB /* Preview Assets.xcassets */ = {isa = PBXFileReference; lastKnownFileType = folder.assetcatalog; path = "Preview Assets.xcassets"; sourceTree = "<group>"; };
		39D903402537827000AB54FB /* Info.plist */ = {isa = PBXFileReference; lastKnownFileType = text.plist.xml; path = Info.plist; sourceTree = "<group>"; };
		39D9034D253782B200AB54FB /* StockQuotesApp.swift */ = {isa = PBXFileReference; fileEncoding = 4; lastKnownFileType = sourcecode.swift; path = StockQuotesApp.swift; sourceTree = "<group>"; };
		39D9034F253782B200AB54FB /* StockQuote.swift */ = {isa = PBXFileReference; fileEncoding = 4; lastKnownFileType = sourcecode.swift; path = StockQuote.swift; sourceTree = "<group>"; };
		39D90350253782B200AB54FB /* Providers.swift */ = {isa = PBXFileReference; fileEncoding = 4; lastKnownFileType = sourcecode.swift; path = Providers.swift; sourceTree = "<group>"; };
		39D90352253782B200AB54FB /* StockQuoteListView.swift */ = {isa = PBXFileReference; fileEncoding = 4; lastKnownFileType = sourcecode.swift; path = StockQuoteListView.swift; sourceTree = "<group>"; };
		39D90357253782B200AB54FB /* MultiProvider.swift */ = {isa = PBXFileReference; fileEncoding = 4; lastKnownFileType = sourcecode.swift; path = MultiProvider.swift; sourceTree = "<group>"; };
/* End PBXFileReference section */

/* Begin PBXFrameworksBuildPhase section */
		39D903312537826F00AB54FB /* Frameworks */ = {
			isa = PBXFrameworksBuildPhase;
			buildActionMask = 2147483647;
			files = (
				394786F52539046E0002669B /* TradernetClient in Frameworks */,
			);
			runOnlyForDeploymentPostprocessing = 0;
		};
/* End PBXFrameworksBuildPhase section */

/* Begin PBXGroup section */
		391984902537999F00C95C09 /* Extension */ = {
			isa = PBXGroup;
			children = (
				39198491253799B100C95C09 /* NumberFormatter.swift */,
				3919849E25379C9A00C95C09 /* Publisher.swift */,
				399E5CEA2538A5A000BDA354 /* Optional.swift */,
			);
			path = Extension;
			sourceTree = "<group>";
		};
		394786F32539046E0002669B /* Frameworks */ = {
			isa = PBXGroup;
			children = (
			);
			name = Frameworks;
			sourceTree = "<group>";
		};
		399E5CF72538CE8B00BDA354 /* Provider */ = {
			isa = PBXGroup;
			children = (
				39D90350253782B200AB54FB /* Providers.swift */,
			);
			path = Provider;
			sourceTree = "<group>";
		};
		399E5CF82538CE9A00BDA354 /* View */ = {
			isa = PBXGroup;
			children = (
				39D90351253782B200AB54FB /* StockQuote */,
			);
			path = View;
			sourceTree = "<group>";
		};
		39D9032B2537826F00AB54FB = {
			isa = PBXGroup;
			children = (
				39D903362537827000AB54FB /* StockQuotes */,
				3947870C253905220002669B /* StockQuotesLibrary */,
				39D903352537827000AB54FB /* Products */,
				394786F32539046E0002669B /* Frameworks */,
			);
			sourceTree = "<group>";
		};
		39D903352537827000AB54FB /* Products */ = {
			isa = PBXGroup;
			children = (
				39D903342537827000AB54FB /* StockQuotes.app */,
			);
			name = Products;
			sourceTree = "<group>";
		};
		39D903362537827000AB54FB /* StockQuotes */ = {
			isa = PBXGroup;
			children = (
				39D9033B2537827000AB54FB /* Assets.xcassets */,
				39D9033D2537827000AB54FB /* Preview Content */,
				39D9034C253782B200AB54FB /* Source */,
				39D903402537827000AB54FB /* Info.plist */,
			);
			path = StockQuotes;
			sourceTree = "<group>";
		};
		39D9033D2537827000AB54FB /* Preview Content */ = {
			isa = PBXGroup;
			children = (
				39D9033E2537827000AB54FB /* Preview Assets.xcassets */,
			);
			path = "Preview Content";
			sourceTree = "<group>";
		};
		39D9034C253782B200AB54FB /* Source */ = {
			isa = PBXGroup;
			children = (
				39D90353253782B200AB54FB /* Base */,
				399E5CF82538CE9A00BDA354 /* View */,
				399E5CF72538CE8B00BDA354 /* Provider */,
				391984902537999F00C95C09 /* Extension */,
				39D9034D253782B200AB54FB /* StockQuotesApp.swift */,
			);
			path = Source;
			sourceTree = "<group>";
		};
		39D90351253782B200AB54FB /* StockQuote */ = {
			isa = PBXGroup;
			children = (
				39D9034F253782B200AB54FB /* StockQuote.swift */,
				39D90352253782B200AB54FB /* StockQuoteListView.swift */,
				399E5D1A2538EF9C00BDA354 /* StockQuoteRowView.swift */,
				399E5CFA2538CEDF00BDA354 /* StockQuoteRowView+LastPrice.swift */,
				399E5CFE2538CF3800BDA354 /* StockQuoteRowView+LastBidChange.swift */,
				399E5D012538CFC400BDA354 /* StockQuoteRowView+YesterdayCloseChange.swift */,
			);
			path = StockQuote;
			sourceTree = "<group>";
		};
		39D90353253782B200AB54FB /* Base */ = {
			isa = PBXGroup;
			children = (
				39D90357253782B200AB54FB /* MultiProvider.swift */,
			);
			path = Base;
			sourceTree = "<group>";
		};
/* End PBXGroup section */

/* Begin PBXNativeTarget section */
		39D903332537826F00AB54FB /* StockQuotes */ = {
			isa = PBXNativeTarget;
			buildConfigurationList = 39D903432537827000AB54FB /* Build configuration list for PBXNativeTarget "StockQuotes" */;
			buildPhases = (
				39D903302537826F00AB54FB /* Sources */,
				39D903312537826F00AB54FB /* Frameworks */,
				39D903322537826F00AB54FB /* Resources */,
				39D90372253782CB00AB54FB /* Embed Frameworks */,
			);
			buildRules = (
			);
			dependencies = (
			);
			name = StockQuotes;
			packageProductDependencies = (
				394786F42539046E0002669B /* TradernetClient */,
			);
			productName = StockQuotes;
			productReference = 39D903342537827000AB54FB /* StockQuotes.app */;
			productType = "com.apple.product-type.application";
		};
/* End PBXNativeTarget section */

/* Begin PBXProject section */
		39D9032C2537826F00AB54FB /* Project object */ = {
			isa = PBXProject;
			attributes = {
				LastSwiftUpdateCheck = 1200;
				LastUpgradeCheck = 1200;
				TargetAttributes = {
					39D903332537826F00AB54FB = {
						CreatedOnToolsVersion = 12.0;
					};
				};
			};
			buildConfigurationList = 39D9032F2537826F00AB54FB /* Build configuration list for PBXProject "StockQuotes" */;
			compatibilityVersion = "Xcode 9.3";
			developmentRegion = en;
			hasScannedForEncodings = 0;
			knownRegions = (
				en,
				Base,
			);
			mainGroup = 39D9032B2537826F00AB54FB;
			productRefGroup = 39D903352537827000AB54FB /* Products */;
			projectDirPath = "";
			projectRoot = "";
			targets = (
				39D903332537826F00AB54FB /* StockQuotes */,
			);
		};
/* End PBXProject section */

/* Begin PBXResourcesBuildPhase section */
		39D903322537826F00AB54FB /* Resources */ = {
			isa = PBXResourcesBuildPhase;
			buildActionMask = 2147483647;
			files = (
				39D9033F2537827000AB54FB /* Preview Assets.xcassets in Resources */,
				39D9033C2537827000AB54FB /* Assets.xcassets in Resources */,
				3947870D253905220002669B /* StockQuotesLibrary in Resources */,
			);
			runOnlyForDeploymentPostprocessing = 0;
		};
/* End PBXResourcesBuildPhase section */

/* Begin PBXSourcesBuildPhase section */
		39D903302537826F00AB54FB /* Sources */ = {
			isa = PBXSourcesBuildPhase;
			buildActionMask = 2147483647;
			files = (
				39D9035B253782B200AB54FB /* StockQuoteListView.swift in Sources */,
				39198492253799B100C95C09 /* NumberFormatter.swift in Sources */,
				39D90358253782B200AB54FB /* StockQuotesApp.swift in Sources */,
				399E5CFF2538CF3800BDA354 /* StockQuoteRowView+LastBidChange.swift in Sources */,
				39D9035F253782B200AB54FB /* MultiProvider.swift in Sources */,
				399E5CFB2538CEDF00BDA354 /* StockQuoteRowView+LastPrice.swift in Sources */,
				39D90359253782B200AB54FB /* StockQuote.swift in Sources */,
				3919849F25379C9A00C95C09 /* Publisher.swift in Sources */,
				399E5D1B2538EF9C00BDA354 /* StockQuoteRowView.swift in Sources */,
				39D9035A253782B200AB54FB /* Providers.swift in Sources */,
				399E5D022538CFC400BDA354 /* StockQuoteRowView+YesterdayCloseChange.swift in Sources */,
				399E5CEB2538A5A000BDA354 /* Optional.swift in Sources */,
			);
			runOnlyForDeploymentPostprocessing = 0;
		};
/* End PBXSourcesBuildPhase section */

/* Begin XCBuildConfiguration section */
		39D903412537827000AB54FB /* Debug */ = {
			isa = XCBuildConfiguration;
			buildSettings = {
				ALWAYS_SEARCH_USER_PATHS = NO;
				CLANG_ANALYZER_NONNULL = YES;
				CLANG_ANALYZER_NUMBER_OBJECT_CONVERSION = YES_AGGRESSIVE;
				CLANG_CXX_LANGUAGE_STANDARD = "gnu++14";
				CLANG_CXX_LIBRARY = "libc++";
				CLANG_ENABLE_MODULES = YES;
				CLANG_ENABLE_OBJC_ARC = YES;
				CLANG_ENABLE_OBJC_WEAK = YES;
				CLANG_WARN_BLOCK_CAPTURE_AUTORELEASING = YES;
				CLANG_WARN_BOOL_CONVERSION = YES;
				CLANG_WARN_COMMA = YES;
				CLANG_WARN_CONSTANT_CONVERSION = YES;
				CLANG_WARN_DEPRECATED_OBJC_IMPLEMENTATIONS = YES;
				CLANG_WARN_DIRECT_OBJC_ISA_USAGE = YES_ERROR;
				CLANG_WARN_DOCUMENTATION_COMMENTS = YES;
				CLANG_WARN_EMPTY_BODY = YES;
				CLANG_WARN_ENUM_CONVERSION = YES;
				CLANG_WARN_INFINITE_RECURSION = YES;
				CLANG_WARN_INT_CONVERSION = YES;
				CLANG_WARN_NON_LITERAL_NULL_CONVERSION = YES;
				CLANG_WARN_OBJC_IMPLICIT_RETAIN_SELF = YES;
				CLANG_WARN_OBJC_LITERAL_CONVERSION = YES;
				CLANG_WARN_OBJC_ROOT_CLASS = YES_ERROR;
				CLANG_WARN_QUOTED_INCLUDE_IN_FRAMEWORK_HEADER = YES;
				CLANG_WARN_RANGE_LOOP_ANALYSIS = YES;
				CLANG_WARN_STRICT_PROTOTYPES = YES;
				CLANG_WARN_SUSPICIOUS_MOVE = YES;
				CLANG_WARN_UNGUARDED_AVAILABILITY = YES_AGGRESSIVE;
				CLANG_WARN_UNREACHABLE_CODE = YES;
				CLANG_WARN__DUPLICATE_METHOD_MATCH = YES;
				COPY_PHASE_STRIP = NO;
				DEBUG_INFORMATION_FORMAT = dwarf;
				ENABLE_STRICT_OBJC_MSGSEND = YES;
				ENABLE_TESTABILITY = YES;
				GCC_C_LANGUAGE_STANDARD = gnu11;
				GCC_DYNAMIC_NO_PIC = NO;
				GCC_NO_COMMON_BLOCKS = YES;
				GCC_OPTIMIZATION_LEVEL = 0;
				GCC_PREPROCESSOR_DEFINITIONS = (
					"DEBUG=1",
					"$(inherited)",
				);
				GCC_WARN_64_TO_32_BIT_CONVERSION = YES;
				GCC_WARN_ABOUT_RETURN_TYPE = YES_ERROR;
				GCC_WARN_UNDECLARED_SELECTOR = YES;
				GCC_WARN_UNINITIALIZED_AUTOS = YES_AGGRESSIVE;
				GCC_WARN_UNUSED_FUNCTION = YES;
				GCC_WARN_UNUSED_VARIABLE = YES;
				IPHONEOS_DEPLOYMENT_TARGET = 14.0;
				MTL_ENABLE_DEBUG_INFO = INCLUDE_SOURCE;
				MTL_FAST_MATH = YES;
				ONLY_ACTIVE_ARCH = YES;
				SDKROOT = iphoneos;
				SWIFT_ACTIVE_COMPILATION_CONDITIONS = DEBUG;
				SWIFT_OPTIMIZATION_LEVEL = "-Onone";
			};
			name = Debug;
		};
		39D903422537827000AB54FB /* Release */ = {
			isa = XCBuildConfiguration;
			buildSettings = {
				ALWAYS_SEARCH_USER_PATHS = NO;
				CLANG_ANALYZER_NONNULL = YES;
				CLANG_ANALYZER_NUMBER_OBJECT_CONVERSION = YES_AGGRESSIVE;
				CLANG_CXX_LANGUAGE_STANDARD = "gnu++14";
				CLANG_CXX_LIBRARY = "libc++";
				CLANG_ENABLE_MODULES = YES;
				CLANG_ENABLE_OBJC_ARC = YES;
				CLANG_ENABLE_OBJC_WEAK = YES;
				CLANG_WARN_BLOCK_CAPTURE_AUTORELEASING = YES;
				CLANG_WARN_BOOL_CONVERSION = YES;
				CLANG_WARN_COMMA = YES;
				CLANG_WARN_CONSTANT_CONVERSION = YES;
				CLANG_WARN_DEPRECATED_OBJC_IMPLEMENTATIONS = YES;
				CLANG_WARN_DIRECT_OBJC_ISA_USAGE = YES_ERROR;
				CLANG_WARN_DOCUMENTATION_COMMENTS = YES;
				CLANG_WARN_EMPTY_BODY = YES;
				CLANG_WARN_ENUM_CONVERSION = YES;
				CLANG_WARN_INFINITE_RECURSION = YES;
				CLANG_WARN_INT_CONVERSION = YES;
				CLANG_WARN_NON_LITERAL_NULL_CONVERSION = YES;
				CLANG_WARN_OBJC_IMPLICIT_RETAIN_SELF = YES;
				CLANG_WARN_OBJC_LITERAL_CONVERSION = YES;
				CLANG_WARN_OBJC_ROOT_CLASS = YES_ERROR;
				CLANG_WARN_QUOTED_INCLUDE_IN_FRAMEWORK_HEADER = YES;
				CLANG_WARN_RANGE_LOOP_ANALYSIS = YES;
				CLANG_WARN_STRICT_PROTOTYPES = YES;
				CLANG_WARN_SUSPICIOUS_MOVE = YES;
				CLANG_WARN_UNGUARDED_AVAILABILITY = YES_AGGRESSIVE;
				CLANG_WARN_UNREACHABLE_CODE = YES;
				CLANG_WARN__DUPLICATE_METHOD_MATCH = YES;
				COPY_PHASE_STRIP = NO;
				DEBUG_INFORMATION_FORMAT = "dwarf-with-dsym";
				ENABLE_NS_ASSERTIONS = NO;
				ENABLE_STRICT_OBJC_MSGSEND = YES;
				GCC_C_LANGUAGE_STANDARD = gnu11;
				GCC_NO_COMMON_BLOCKS = YES;
				GCC_WARN_64_TO_32_BIT_CONVERSION = YES;
				GCC_WARN_ABOUT_RETURN_TYPE = YES_ERROR;
				GCC_WARN_UNDECLARED_SELECTOR = YES;
				GCC_WARN_UNINITIALIZED_AUTOS = YES_AGGRESSIVE;
				GCC_WARN_UNUSED_FUNCTION = YES;
				GCC_WARN_UNUSED_VARIABLE = YES;
				IPHONEOS_DEPLOYMENT_TARGET = 14.0;
				MTL_ENABLE_DEBUG_INFO = NO;
				MTL_FAST_MATH = YES;
				SDKROOT = iphoneos;
				SWIFT_COMPILATION_MODE = wholemodule;
				SWIFT_OPTIMIZATION_LEVEL = "-O";
				VALIDATE_PRODUCT = YES;
			};
			name = Release;
		};
		39D903442537827000AB54FB /* Debug */ = {
			isa = XCBuildConfiguration;
			buildSettings = {
				ASSETCATALOG_COMPILER_APPICON_NAME = AppIcon;
				ASSETCATALOG_COMPILER_GLOBAL_ACCENT_COLOR_NAME = AccentColor;
				CODE_SIGN_STYLE = Automatic;
				DEVELOPMENT_ASSET_PATHS = "\"StockQuotes/Preview Content\"";
				ENABLE_PREVIEWS = YES;
				INFOPLIST_FILE = StockQuotes/Info.plist;
				IPHONEOS_DEPLOYMENT_TARGET = 14.0;
				LD_RUNPATH_SEARCH_PATHS = (
					"$(inherited)",
					"@executable_path/Frameworks",
				);
				PRODUCT_BUNDLE_IDENTIFIER = me.aaverkin.StockQuotes;
				PRODUCT_NAME = "$(TARGET_NAME)";
				SWIFT_VERSION = 5.0;
				TARGETED_DEVICE_FAMILY = "1,2";
			};
			name = Debug;
		};
		39D903452537827000AB54FB /* Release */ = {
			isa = XCBuildConfiguration;
			buildSettings = {
				ASSETCATALOG_COMPILER_APPICON_NAME = AppIcon;
				ASSETCATALOG_COMPILER_GLOBAL_ACCENT_COLOR_NAME = AccentColor;
				CODE_SIGN_STYLE = Automatic;
				DEVELOPMENT_ASSET_PATHS = "\"StockQuotes/Preview Content\"";
				ENABLE_PREVIEWS = YES;
				INFOPLIST_FILE = StockQuotes/Info.plist;
				IPHONEOS_DEPLOYMENT_TARGET = 14.0;
				LD_RUNPATH_SEARCH_PATHS = (
					"$(inherited)",
					"@executable_path/Frameworks",
				);
				PRODUCT_BUNDLE_IDENTIFIER = me.aaverkin.StockQuotes;
				PRODUCT_NAME = "$(TARGET_NAME)";
				SWIFT_VERSION = 5.0;
				TARGETED_DEVICE_FAMILY = "1,2";
			};
			name = Release;
		};
/* End XCBuildConfiguration section */

/* Begin XCConfigurationList section */
		39D9032F2537826F00AB54FB /* Build configuration list for PBXProject "StockQuotes" */ = {
			isa = XCConfigurationList;
			buildConfigurations = (
				39D903412537827000AB54FB /* Debug */,
				39D903422537827000AB54FB /* Release */,
			);
			defaultConfigurationIsVisible = 0;
			defaultConfigurationName = Release;
		};
		39D903432537827000AB54FB /* Build configuration list for PBXNativeTarget "StockQuotes" */ = {
			isa = XCConfigurationList;
			buildConfigurations = (
				39D903442537827000AB54FB /* Debug */,
				39D903452537827000AB54FB /* Release */,
			);
			defaultConfigurationIsVisible = 0;
			defaultConfigurationName = Release;
		};
/* End XCConfigurationList section */

/* Begin XCSwiftPackageProductDependency section */
		394786F42539046E0002669B /* TradernetClient */ = {
			isa = XCSwiftPackageProductDependency;
			productName = TradernetClient;
		};
/* End XCSwiftPackageProductDependency section */
	};
	rootObject = 39D9032C2537826F00AB54FB /* Project object */;
}
